
Microsoft Visual Studio Solution File, Format Version 12.00
# Visual Studio 15
VisualStudioVersion = 15.0.27906.1
MinimumVisualStudioVersion = 10.0.40219.1
Project("{FAE04EC0-301F-11D3-BF4B-00C04F79EFBC}") = "GoogleAuthenticatorService.Core", "GoogleAuthenticatorService.Core\GoogleAuthenticatorService.Core.csproj", "{8906A854-C3EE-4558-A1B4-CB0C8D294BBA}"
EndProject
Global
	GlobalSection(SolutionConfigurationPlatforms) = preSolution
		Debug|Any CPU = Debug|Any CPU
		Release|Any CPU = Release|Any CPU
	EndGlobalSection
	GlobalSection(ProjectConfigurationPlatforms) = postSolution
		{8906A854-C3EE-4558-A1B4-CB0C8D294BBA}.Debug|Any CPU.ActiveCfg = Debug|Any CPU
		{8906A854-C3EE-4558-A1B4-CB0C8D294BBA}.Debug|Any CPU.Build.0 = Debug|Any CPU
		{8906A854-C3EE-4558-A1B4-CB0C8D294BBA}.Release|Any CPU.ActiveCfg = Release|Any CPU
		{8906A854-C3EE-4558-A1B4-CB0C8D294BBA}.Release|Any CPU.Build.0 = Release|Any CPU
	EndGlobalSection
	GlobalSection(SolutionProperties) = preSolution
		HideSolutionNode = FALSE
	EndGlobalSection
	GlobalSection(ExtensibilityGlobals) = postSolution
		SolutionGuid = {DB633D2F-66A3-4967-ACA4-C3C491EF7397}
	EndGlobalSection
EndGlobal
